
Microsoft Visual Studio Solution File, Format Version 12.00
# Visual Studio Version 17
VisualStudioVersion = 17.5.001.0
MinimumVisualStudioVersion = 10.0.40219.1
Project("{9A19103F-16F7-4668-BE54-9A1E7A4F7556}") = "YoutubeDownloadTest", "YoutubeDownloadTest.csproj", "{9B7A63D1-F99D-4DF0-8BF4-1EB262D238AD}"
EndProject
Global
	GlobalSection(SolutionConfigurationPlatforms) = preSolution
		Debug|Any CPU = Debug|Any CPU
		Release|Any CPU = Release|Any CPU
	EndGlobalSection
	GlobalSection(ProjectConfigurationPlatforms) = postSolution
		{9B7A63D1-F99D-4DF0-8BF4-1EB262D238AD}.Debug|Any CPU.ActiveCfg = Debug|Any CPU
		{9B7A63D1-F99D-4DF0-8BF4-1EB262D238AD}.Debug|Any CPU.Build.0 = Debug|Any CPU
		{9B7A63D1-F99D-4DF0-8BF4-1EB262D238AD}.Release|Any CPU.ActiveCfg = Release|Any CPU
		{9B7A63D1-F99D-4DF0-8BF4-1EB262D238AD}.Release|Any CPU.Build.0 = Release|Any CPU
	EndGlobalSection
	GlobalSection(SolutionProperties) = preSolution
		HideSolutionNode = FALSE
	EndGlobalSection
	GlobalSection(ExtensibilityGlobals) = postSolution
		SolutionGuid = {005284E7-8FE6-4DDB-9F65-9DA7E0D69689}
	EndGlobalSection
EndGlobal
